
Microsoft Visual Studio Solution File, Format Version 12.00
# Visual Studio Version 17
VisualStudioVersion = 17.5.33414.496
MinimumVisualStudioVersion = 10.0.40219.1
Project("{9A19103F-16F7-4668-BE54-9A1E7A4F7556}") = "Advent-of-Code-2024", "Advent-of-Code-2024.csproj", "{B3F377C4-D695-44BC-BAFB-8B9292C80B61}"
EndProject
Project("{9A19103F-16F7-4668-BE54-9A1E7A4F7556}") = "Days", "Days\Days.csproj", "{7D6DDC6F-A04B-4B62-B553-FB581EA30A99}"
EndProject
Project("{9A19103F-16F7-4668-BE54-9A1E7A4F7556}") = "Examples", "Examples\Examples.csproj", "{F8AFBF3F-79AF-4CEF-ABA0-DB8C4B4890ED}"
EndProject
Project("{9A19103F-16F7-4668-BE54-9A1E7A4F7556}") = "Utils", "Utils\Utils.csproj", "{F48554DD-953A-493F-83F9-C4FF8EB4AC9E}"
EndProject
Global
	GlobalSection(SolutionConfigurationPlatforms) = preSolution
		Debug|Any CPU = Debug|Any CPU
		Release|Any CPU = Release|Any CPU
	EndGlobalSection
	GlobalSection(ProjectConfigurationPlatforms) = postSolution
		{B3F377C4-D695-44BC-BAFB-8B9292C80B61}.Debug|Any CPU.ActiveCfg = Debug|Any CPU
		{B3F377C4-D695-44BC-BAFB-8B9292C80B61}.Debug|Any CPU.Build.0 = Debug|Any CPU
		{B3F377C4-D695-44BC-BAFB-8B9292C80B61}.Release|Any CPU.ActiveCfg = Release|Any CPU
		{B3F377C4-D695-44BC-BAFB-8B9292C80B61}.Release|Any CPU.Build.0 = Release|Any CPU
		{7D6DDC6F-A04B-4B62-B553-FB581EA30A99}.Debug|Any CPU.ActiveCfg = Debug|Any CPU
		{7D6DDC6F-A04B-4B62-B553-FB581EA30A99}.Debug|Any CPU.Build.0 = Debug|Any CPU
		{7D6DDC6F-A04B-4B62-B553-FB581EA30A99}.Release|Any CPU.ActiveCfg = Release|Any CPU
		{7D6DDC6F-A04B-4B62-B553-FB581EA30A99}.Release|Any CPU.Build.0 = Release|Any CPU
		{F8AFBF3F-79AF-4CEF-ABA0-DB8C4B4890ED}.Debug|Any CPU.ActiveCfg = Debug|Any CPU
		{F8AFBF3F-79AF-4CEF-ABA0-DB8C4B4890ED}.Debug|Any CPU.Build.0 = Debug|Any CPU
		{F8AFBF3F-79AF-4CEF-ABA0-DB8C4B4890ED}.Release|Any CPU.ActiveCfg = Release|Any CPU
		{F8AFBF3F-79AF-4CEF-ABA0-DB8C4B4890ED}.Release|Any CPU.Build.0 = Release|Any CPU
		{F48554DD-953A-493F-83F9-C4FF8EB4AC9E}.Debug|Any CPU.ActiveCfg = Debug|Any CPU
		{F48554DD-953A-493F-83F9-C4FF8EB4AC9E}.Debug|Any CPU.Build.0 = Debug|Any CPU
		{F48554DD-953A-493F-83F9-C4FF8EB4AC9E}.Release|Any CPU.ActiveCfg = Release|Any CPU
		{F48554DD-953A-493F-83F9-C4FF8EB4AC9E}.Release|Any CPU.Build.0 = Release|Any CPU
	EndGlobalSection
	GlobalSection(SolutionProperties) = preSolution
		HideSolutionNode = FALSE
	EndGlobalSection
	GlobalSection(ExtensibilityGlobals) = postSolution
		SolutionGuid = {D7820153-12F3-4D63-B313-C7EF928CC352}
	EndGlobalSection
EndGlobal
